
Microsoft Visual Studio Solution File, Format Version 12.00
Project("{FAE04EC0-301F-11D3-BF4B-00C04F79EFBC}") = "S6_S7_2", "S6_S7_2\S6_S7_2.csproj", "{EF0D0D38-AC97-4182-9E8E-B6530FD4F044}"
EndProject
Project("{FAE04EC0-301F-11D3-BF4B-00C04F79EFBC}") = "S2_3", "S2_3\S2_3.csproj", "{B41B2823-CFA5-4B48-9797-D32742D0758A}"
EndProject
Project("{FAE04EC0-301F-11D3-BF4B-00C04F79EFBC}") = "S2_1", "S2_1\S2_1.csproj", "{DDC2D22A-398E-4CA3-92BA-220C3FD0203B}"
EndProject
Project("{FAE04EC0-301F-11D3-BF4B-00C04F79EFBC}") = "S2_2", "S2_2\S2_2.csproj", "{0FA01559-71AA-4851-9179-4B63ED664C15}"
EndProject
Project("{FAE04EC0-301F-11D3-BF4B-00C04F79EFBC}") = "S3_S4_S5_1", "S3_S4_S5_1\S3_S4_S5_1.csproj", "{9B74E107-22F4-415B-8717-C930D1F7F6D3}"
EndProject
Project("{FAE04EC0-301F-11D3-BF4B-00C04F79EFBC}") = "S3_S4_S5_2", "S3_S4_S5_2\S3_S4_S5_2.csproj", "{9227B283-3011-401A-B0D7-F1B74B5A73B8}"
EndProject
Project("{FAE04EC0-301F-11D3-BF4B-00C04F79EFBC}") = "S6_S7_1", "S6_S7_1\S6_S7_1.csproj", "{638CC6B1-9E46-4AEB-ACB5-E6A8ED04B9FA}"
EndProject
Project("{FAE04EC0-301F-11D3-BF4B-00C04F79EFBC}") = "S9", "S9\S9.csproj", "{60B8BC70-FAB6-460A-A06E-2B456BA239D8}"
EndProject
Project("{FAE04EC0-301F-11D3-BF4B-00C04F79EFBC}") = "S11", "S11\S11.csproj", "{845BB516-3771-4D93-9033-53428C013C17}"
EndProject
Global
	GlobalSection(SolutionConfigurationPlatforms) = preSolution
		Debug|Any CPU = Debug|Any CPU
		Release|Any CPU = Release|Any CPU
	EndGlobalSection
	GlobalSection(ProjectConfigurationPlatforms) = postSolution
		{EF0D0D38-AC97-4182-9E8E-B6530FD4F044}.Debug|Any CPU.ActiveCfg = Debug|Any CPU
		{EF0D0D38-AC97-4182-9E8E-B6530FD4F044}.Debug|Any CPU.Build.0 = Debug|Any CPU
		{EF0D0D38-AC97-4182-9E8E-B6530FD4F044}.Release|Any CPU.ActiveCfg = Release|Any CPU
		{EF0D0D38-AC97-4182-9E8E-B6530FD4F044}.Release|Any CPU.Build.0 = Release|Any CPU
		{B41B2823-CFA5-4B48-9797-D32742D0758A}.Debug|Any CPU.ActiveCfg = Debug|Any CPU
		{B41B2823-CFA5-4B48-9797-D32742D0758A}.Debug|Any CPU.Build.0 = Debug|Any CPU
		{B41B2823-CFA5-4B48-9797-D32742D0758A}.Release|Any CPU.ActiveCfg = Release|Any CPU
		{B41B2823-CFA5-4B48-9797-D32742D0758A}.Release|Any CPU.Build.0 = Release|Any CPU
		{DDC2D22A-398E-4CA3-92BA-220C3FD0203B}.Debug|Any CPU.ActiveCfg = Debug|Any CPU
		{DDC2D22A-398E-4CA3-92BA-220C3FD0203B}.Debug|Any CPU.Build.0 = Debug|Any CPU
		{DDC2D22A-398E-4CA3-92BA-220C3FD0203B}.Release|Any CPU.ActiveCfg = Release|Any CPU
		{DDC2D22A-398E-4CA3-92BA-220C3FD0203B}.Release|Any CPU.Build.0 = Release|Any CPU
		{0FA01559-71AA-4851-9179-4B63ED664C15}.Debug|Any CPU.ActiveCfg = Debug|Any CPU
		{0FA01559-71AA-4851-9179-4B63ED664C15}.Debug|Any CPU.Build.0 = Debug|Any CPU
		{0FA01559-71AA-4851-9179-4B63ED664C15}.Release|Any CPU.ActiveCfg = Release|Any CPU
		{0FA01559-71AA-4851-9179-4B63ED664C15}.Release|Any CPU.Build.0 = Release|Any CPU
		{9B74E107-22F4-415B-8717-C930D1F7F6D3}.Debug|Any CPU.ActiveCfg = Debug|Any CPU
		{9B74E107-22F4-415B-8717-C930D1F7F6D3}.Debug|Any CPU.Build.0 = Debug|Any CPU
		{9B74E107-22F4-415B-8717-C930D1F7F6D3}.Release|Any CPU.ActiveCfg = Release|Any CPU
		{9B74E107-22F4-415B-8717-C930D1F7F6D3}.Release|Any CPU.Build.0 = Release|Any CPU
		{9227B283-3011-401A-B0D7-F1B74B5A73B8}.Debug|Any CPU.ActiveCfg = Debug|Any CPU
		{9227B283-3011-401A-B0D7-F1B74B5A73B8}.Debug|Any CPU.Build.0 = Debug|Any CPU
		{9227B283-3011-401A-B0D7-F1B74B5A73B8}.Release|Any CPU.ActiveCfg = Release|Any CPU
		{9227B283-3011-401A-B0D7-F1B74B5A73B8}.Release|Any CPU.Build.0 = Release|Any CPU
		{638CC6B1-9E46-4AEB-ACB5-E6A8ED04B9FA}.Debug|Any CPU.ActiveCfg = Debug|Any CPU
		{638CC6B1-9E46-4AEB-ACB5-E6A8ED04B9FA}.Debug|Any CPU.Build.0 = Debug|Any CPU
		{638CC6B1-9E46-4AEB-ACB5-E6A8ED04B9FA}.Release|Any CPU.ActiveCfg = Release|Any CPU
		{638CC6B1-9E46-4AEB-ACB5-E6A8ED04B9FA}.Release|Any CPU.Build.0 = Release|Any CPU
		{60B8BC70-FAB6-460A-A06E-2B456BA239D8}.Debug|Any CPU.ActiveCfg = Debug|Any CPU
		{60B8BC70-FAB6-460A-A06E-2B456BA239D8}.Debug|Any CPU.Build.0 = Debug|Any CPU
		{60B8BC70-FAB6-460A-A06E-2B456BA239D8}.Release|Any CPU.ActiveCfg = Release|Any CPU
		{60B8BC70-FAB6-460A-A06E-2B456BA239D8}.Release|Any CPU.Build.0 = Release|Any CPU
		{845BB516-3771-4D93-9033-53428C013C17}.Debug|Any CPU.ActiveCfg = Debug|Any CPU
		{845BB516-3771-4D93-9033-53428C013C17}.Debug|Any CPU.Build.0 = Debug|Any CPU
		{845BB516-3771-4D93-9033-53428C013C17}.Release|Any CPU.ActiveCfg = Release|Any CPU
		{845BB516-3771-4D93-9033-53428C013C17}.Release|Any CPU.Build.0 = Release|Any CPU
	EndGlobalSection
EndGlobal
